
Microsoft Visual Studio Solution File, Format Version 12.00
# Visual Studio 15
VisualStudioVersion = 15.0.26124.0
MinimumVisualStudioVersion = 15.0.26124.0
Project("{FAE04EC0-301F-11D3-BF4B-00C04F79EFBC}") = "dotnet.playground.client", "dotnet.playground.client\dotnet.playground.client.csproj", "{7CC935C5-693A-4277-A30D-CA540F2F880B}"
EndProject
Project("{FAE04EC0-301F-11D3-BF4B-00C04F79EFBC}") = "dotnet.playground.domain", "dotnet.playground.domain\dotnet.playground.domain.csproj", "{24C4ECC8-788C-4647-A303-8F74A4F0957B}"
EndProject
Project("{FAE04EC0-301F-11D3-BF4B-00C04F79EFBC}") = "dotnet.playground.api", "dotnet.playground.api\dotnet.playground.api.csproj", "{9990B6C7-F202-4709-BB72-0DC8835E95D1}"
EndProject
Global
	GlobalSection(SolutionConfigurationPlatforms) = preSolution
		Debug|Any CPU = Debug|Any CPU
		Debug|x64 = Debug|x64
		Debug|x86 = Debug|x86
		Release|Any CPU = Release|Any CPU
		Release|x64 = Release|x64
		Release|x86 = Release|x86
	EndGlobalSection
	GlobalSection(SolutionProperties) = preSolution
		HideSolutionNode = FALSE
	EndGlobalSection
	GlobalSection(ProjectConfigurationPlatforms) = postSolution
		{7CC935C5-693A-4277-A30D-CA540F2F880B}.Debug|Any CPU.ActiveCfg = Debug|Any CPU
		{7CC935C5-693A-4277-A30D-CA540F2F880B}.Debug|Any CPU.Build.0 = Debug|Any CPU
		{7CC935C5-693A-4277-A30D-CA540F2F880B}.Debug|x64.ActiveCfg = Debug|Any CPU
		{7CC935C5-693A-4277-A30D-CA540F2F880B}.Debug|x64.Build.0 = Debug|Any CPU
		{7CC935C5-693A-4277-A30D-CA540F2F880B}.Debug|x86.ActiveCfg = Debug|Any CPU
		{7CC935C5-693A-4277-A30D-CA540F2F880B}.Debug|x86.Build.0 = Debug|Any CPU
		{7CC935C5-693A-4277-A30D-CA540F2F880B}.Release|Any CPU.ActiveCfg = Release|Any CPU
		{7CC935C5-693A-4277-A30D-CA540F2F880B}.Release|Any CPU.Build.0 = Release|Any CPU
		{7CC935C5-693A-4277-A30D-CA540F2F880B}.Release|x64.ActiveCfg = Release|Any CPU
		{7CC935C5-693A-4277-A30D-CA540F2F880B}.Release|x64.Build.0 = Release|Any CPU
		{7CC935C5-693A-4277-A30D-CA540F2F880B}.Release|x86.ActiveCfg = Release|Any CPU
		{7CC935C5-693A-4277-A30D-CA540F2F880B}.Release|x86.Build.0 = Release|Any CPU
		{24C4ECC8-788C-4647-A303-8F74A4F0957B}.Debug|Any CPU.ActiveCfg = Debug|Any CPU
		{24C4ECC8-788C-4647-A303-8F74A4F0957B}.Debug|Any CPU.Build.0 = Debug|Any CPU
		{24C4ECC8-788C-4647-A303-8F74A4F0957B}.Debug|x64.ActiveCfg = Debug|Any CPU
		{24C4ECC8-788C-4647-A303-8F74A4F0957B}.Debug|x64.Build.0 = Debug|Any CPU
		{24C4ECC8-788C-4647-A303-8F74A4F0957B}.Debug|x86.ActiveCfg = Debug|Any CPU
		{24C4ECC8-788C-4647-A303-8F74A4F0957B}.Debug|x86.Build.0 = Debug|Any CPU
		{24C4ECC8-788C-4647-A303-8F74A4F0957B}.Release|Any CPU.ActiveCfg = Release|Any CPU
		{24C4ECC8-788C-4647-A303-8F74A4F0957B}.Release|Any CPU.Build.0 = Release|Any CPU
		{24C4ECC8-788C-4647-A303-8F74A4F0957B}.Release|x64.ActiveCfg = Release|Any CPU
		{24C4ECC8-788C-4647-A303-8F74A4F0957B}.Release|x64.Build.0 = Release|Any CPU
		{24C4ECC8-788C-4647-A303-8F74A4F0957B}.Release|x86.ActiveCfg = Release|Any CPU
		{24C4ECC8-788C-4647-A303-8F74A4F0957B}.Release|x86.Build.0 = Release|Any CPU
		{9990B6C7-F202-4709-BB72-0DC8835E95D1}.Debug|Any CPU.ActiveCfg = Debug|Any CPU
		{9990B6C7-F202-4709-BB72-0DC8835E95D1}.Debug|Any CPU.Build.0 = Debug|Any CPU
		{9990B6C7-F202-4709-BB72-0DC8835E95D1}.Debug|x64.ActiveCfg = Debug|Any CPU
		{9990B6C7-F202-4709-BB72-0DC8835E95D1}.Debug|x64.Build.0 = Debug|Any CPU
		{9990B6C7-F202-4709-BB72-0DC8835E95D1}.Debug|x86.ActiveCfg = Debug|Any CPU
		{9990B6C7-F202-4709-BB72-0DC8835E95D1}.Debug|x86.Build.0 = Debug|Any CPU
		{9990B6C7-F202-4709-BB72-0DC8835E95D1}.Release|Any CPU.ActiveCfg = Release|Any CPU
		{9990B6C7-F202-4709-BB72-0DC8835E95D1}.Release|Any CPU.Build.0 = Release|Any CPU
		{9990B6C7-F202-4709-BB72-0DC8835E95D1}.Release|x64.ActiveCfg = Release|Any CPU
		{9990B6C7-F202-4709-BB72-0DC8835E95D1}.Release|x64.Build.0 = Release|Any CPU
		{9990B6C7-F202-4709-BB72-0DC8835E95D1}.Release|x86.ActiveCfg = Release|Any CPU
		{9990B6C7-F202-4709-BB72-0DC8835E95D1}.Release|x86.Build.0 = Release|Any CPU
	EndGlobalSection
EndGlobal
